<?xml version="1.0" encoding="utf-8"?>
<Project ToolsVersion="4.0" xmlns="http://schemas.microsoft.com/developer/msbuild/2003">
  <ItemGroup>
    <Filter Include="Source Files">
      <UniqueIdentifier>{4FC737F1-C7A5-4376-A066-2A32D752A2FF}</UniqueIdentifier>
      <Extensions>cpp;c;cc;cxx;c++;cppm;ixx;def;odl;idl;hpj;bat;asm;asmx</Extensions>
    </Filter>
    <Filter Include="Header Files">
      <UniqueIdentifier>{93995380-89BD-4b04-88EB-625FBE52EBFB}</UniqueIdentifier>
      <Extensions>h;hh;hpp;hxx;h++;hm;inl;inc;ipp;xsd</Extensions>
    </Filter>
    <Filter Include="Resource Files">
      <UniqueIdentifier>{67DA6AB6-F800-4c08-8B7A-83BB121AAD01}</UniqueIdentifier>
      <Extensions>rc;ico;cur;bmp;dlg;rc2;rct;bin;rgs;gif;jpg;jpeg;jpe;resx;tiff;tif;png;wav;mfcribbon-ms</Extensions>
    </Filter>
    <Filter Include="Source Files\HttpModules">
      <UniqueIdentifier>{cd6e06e8-cfa7-440d-b009-3c4bc1f4fa8d}</UniqueIdentifier>
    </Filter>
    <Filter Include="Header Files\HttpModules">
      <UniqueIdentifier>{aeab8f07-d70d-47c7-8d5b-399ae560d3a6}</UniqueIdentifier>
    </Filter>
    <Filter Include="Header Files\Modules">
      <UniqueIdentifier>{aaf1e098-1544-4b3c-bfe1-6d306fe5616e}</UniqueIdentifier>
    </Filter>
    <Filter Include="Source Files\Modules">
      <UniqueIdentifier>{0a85fab8-51c0-4c0c-b1ba-ba879a446d7b}</UniqueIdentifier>
    </Filter>
    <Filter Include="Header Files\Handlers">
      <UniqueIdentifier>{f5f74d5c-b0db-4267-9fb0-16dc4d6c129b}</UniqueIdentifier>
    </Filter>
    <Filter Include="Source Files\Handlers">
      <UniqueIdentifier>{7a7aa0f3-01be-4000-a386-b29d1d986dc4}</UniqueIdentifier>
    </Filter>
  </ItemGroup>
  <ItemGroup>
    <ClCompile Include="main.cpp">
      <Filter>Source Files</Filter>
    </ClCompile>
    <ClCompile Include="HttpListener.cpp">
      <Filter>Source Files\HttpModules</Filter>
    </ClCompile>
    <ClCompile Include="HttpProxy.cpp">
      <Filter>Source Files\HttpModules</Filter>
    </ClCompile>
    <ClCompile Include="DynamicThreadPool.cpp">
      <Filter>Source Files</Filter>
    </ClCompile>
    <ClCompile Include="CSRF_Checker.cpp">
      <Filter>Source Files\Modules</Filter>
    </ClCompile>
    <ClCompile Include="SQL_Injection_Checker.cpp">
      <Filter>Source Files\Modules</Filter>
    </ClCompile>
    <ClCompile Include="DDOS_Checker.cpp">
      <Filter>Source Files\Modules</Filter>
    </ClCompile>
    <ClCompile Include="XSS_Checker.cpp">
      <Filter>Source Files\Modules</Filter>
    </ClCompile>
    <ClCompile Include="JsonDecoder.cpp">
      <Filter>Source Files\Handlers</Filter>
    </ClCompile>
    <ClCompile Include="HoneypotAPIFormat.cpp">
      <Filter>Source Files\Handlers</Filter>
    </ClCompile>
    <ClCompile Include="CheckCaller.cpp">
      <Filter>Source Files\Handlers</Filter>
    </ClCompile>
    <ClCompile Include="HandleUrl.cpp">
      <Filter>Source Files\Handlers</Filter>
    </ClCompile>
  </ItemGroup>
  <ItemGroup>
    <ClInclude Include="pch.h">
      <Filter>Header Files</Filter>
    </ClInclude>
    <ClInclude Include="HttpProxy.h">
      <Filter>Header Files\HttpModules</Filter>
    </ClInclude>
    <ClInclude Include="HttpListener.h">
      <Filter>Header Files\HttpModules</Filter>
    </ClInclude>
    <ClInclude Include="DynamicThreadPool.h">
      <Filter>Header Files</Filter>
    </ClInclude>
    <ClInclude Include="CSRF_Checker.h">
      <Filter>Header Files\Modules</Filter>
    </ClInclude>
    <ClInclude Include="XSS_Checker.h">
      <Filter>Header Files\Modules</Filter>
    </ClInclude>
    <ClInclude Include="SQL_Injection_Checker.h">
      <Filter>Header Files\Modules</Filter>
    </ClInclude>
    <ClInclude Include="SecurityChecker.h">
      <Filter>Header Files\Modules</Filter>
    </ClInclude>
    <ClInclude Include="DDOS_Checker.h">
      <Filter>Header Files\Modules</Filter>
    </ClInclude>
    <ClInclude Include="CheckCaller.h">
      <Filter>Header Files\Handlers</Filter>
    </ClInclude>
    <ClInclude Include="HandleUrl.h">
      <Filter>Header Files\Handlers</Filter>
    </ClInclude>
    <ClInclude Include="JsonDecoder.h">
      <Filter>Header Files\Handlers</Filter>
    </ClInclude>
    <ClInclude Include="HoneypotAPIFormat.h">
      <Filter>Header Files\Handlers</Filter>
    </ClInclude>
    <ClInclude Include="json.hpp">
      <Filter>Header Files</Filter>
    </ClInclude>
  </ItemGroup>
</Project>